
Microsoft Visual Studio Solution File, Format Version 12.00
# Visual Studio 15
VisualStudioVersion = 15.0.28307.102
MinimumVisualStudioVersion = 10.0.40219.1
Project("{FAE04EC0-301F-11D3-BF4B-00C04F79EFBC}") = "ProductOrderSite", "ProductOrderSite\ProductOrderSite.csproj", "{0CB7E001-97CB-43F3-A8D1-CF0F88491735}"
EndProject
Global
	GlobalSection(SolutionConfigurationPlatforms) = preSolution
		Debug|Any CPU = Debug|Any CPU
		Release|Any CPU = Release|Any CPU
	EndGlobalSection
	GlobalSection(ProjectConfigurationPlatforms) = postSolution
		{0CB7E001-97CB-43F3-A8D1-CF0F88491735}.Debug|Any CPU.ActiveCfg = Debug|Any CPU
		{0CB7E001-97CB-43F3-A8D1-CF0F88491735}.Debug|Any CPU.Build.0 = Debug|Any CPU
		{0CB7E001-97CB-43F3-A8D1-CF0F88491735}.Release|Any CPU.ActiveCfg = Release|Any CPU
		{0CB7E001-97CB-43F3-A8D1-CF0F88491735}.Release|Any CPU.Build.0 = Release|Any CPU
	EndGlobalSection
	GlobalSection(SolutionProperties) = preSolution
		HideSolutionNode = FALSE
	EndGlobalSection
	GlobalSection(ExtensibilityGlobals) = postSolution
		SolutionGuid = {A94D5176-8422-4F4F-8F93-59D2C7F517D8}
	EndGlobalSection
EndGlobal
